# This file is autogenerated, do not edit; changes may be undone by the next 'dep ensure'.


[[projects]]
  digest = "1:a2682518d905d662d984ef9959984ef87cecb777d379bfa9d9fe40e78069b3e4"
  name = "github.com/PuerkitoBio/purell"
  packages = ["."]
  pruneopts = "UT"
  revision = "44968752391892e1b0d0b821ee79e9a85fa13049"
  version = "v1.1.1"

[[projects]]
  branch = "master"
  digest = "1:c739832d67eb1e9cc478a19cc1a1ccd78df0397bf8a32978b759152e205f644b"
  name = "github.com/PuerkitoBio/urlesc"
  packages = ["."]
  pruneopts = "UT"
  revision = "de5bf2ad457846296e2031421a34e2568e304e35"

[[projects]]
  digest = "1:c68aba66f5db6052fd838d9a7d60d8859f8c11b8c1d9ac9758f69c7a51efc07a"
  name = "github.com/asaskevich/govalidator"
  packages = ["."]
  pruneopts = "UT"
  revision = "475eaeb164960a651e97470412a7d3b0c5036105"
  version = "v10"

[[projects]]
  digest = "1:ffe9824d294da03b391f44e1ae8281281b4afc1bdaa9588c9097785e3af10cec"
  name = "github.com/davecgh/go-spew"
  packages = ["spew"]
  pruneopts = "UT"
  revision = "8991bc29aa16c548c550c7ff78260e27b9ab7c73"
  version = "v1.1.1"

[[projects]]
  digest = "1:1b1f68a87dd0f828ee951475f4a33012f45475957ee2c77e0e41abeebbb02e3c"
  name = "github.com/go-openapi/analysis"
  packages = [
    ".",
    "internal",
  ]
  pruneopts = "UT"
  revision = "421cb960388d1c41b1d4f0eee5300257ac289c97"
  version = "v0.19.10"

[[projects]]
  digest = "1:2085c605117b9b52889c4c1b221739e228ca0f39faed4ef13465c7f32c350ebe"
  name = "github.com/go-openapi/errors"
  packages = ["."]
  pruneopts = "UT"
  revision = "34a71fb81ae13cc914d218367d944c1cb93bc4b4"
  version = "v0.19.4"

[[projects]]
  digest = "1:ed15647db08b6d63666bf9755d337725960c302bbfa5e23754b4b915a4797e42"
  name = "github.com/go-openapi/jsonpointer"
  packages = ["."]
  pruneopts = "UT"
  revision = "ed123515f087412cd7ef02e49b0b0a5e6a79a360"
  version = "v0.19.3"

[[projects]]
  digest = "1:451fe53c19443c6941be5d4295edc973a3eb16baccb940efee94284024be03b0"
  name = "github.com/go-openapi/jsonreference"
  packages = ["."]
  pruneopts = "UT"
  revision = "82f31475a8f7a12bc26962f6e26ceade8ea6f66a"
  version = "v0.19.3"

[[projects]]
  digest = "1:2aa2219434b56450e68de4ce5e5dcd14ecb289b3a1bbfa91fc22855b507012a2"
  name = "github.com/go-openapi/loads"
  packages = ["."]
  pruneopts = "UT"
  revision = "18bb1f3437c08e833e5f629003bafc2a3884d19f"
  version = "v0.19.5"

[[projects]]
  digest = "1:b72c28ec6024a73f37ea478cf180aaba9f9bf84e38fd081eeb36dc405dbe7e1f"
  name = "github.com/go-openapi/runtime"
  packages = [
    ".",
    "logger",
    "middleware",
    "middleware/denco",
    "middleware/header",
    "middleware/untyped",
    "security",
  ]
  pruneopts = "UT"
  revision = "4740fbe020aef20dd0806dc3c2074bb5b814f29e"
  version = "v0.19.15"

[[projects]]
  digest = "1:9e6992ea4c7005c711e3460e90d20e0c40cce6743bbdc65d12e8fe45e5b6beaf"
  name = "github.com/go-openapi/spec"
  packages = ["."]
  pruneopts = "UT"
  revision = "1297e9a4ddf9325269fe013d7c1300aac3985f92"
  version = "v0.19.7"

[[projects]]
  digest = "1:462bb5aad8e422edfcfdb254b34a8dd6e538a72a9e720d2615eedfa106d76a35"
  name = "github.com/go-openapi/strfmt"
  packages = ["."]
  pruneopts = "UT"
  revision = "2887e74ed0fe2aea628affe322b19fc3112f98cd"
  version = "v0.19.5"

[[projects]]
  digest = "1:8b59d79dc97889c333cdad6fcbd9c47d4d9abc19a5ec0683bfa40e5a36d1b1b7"
  name = "github.com/go-openapi/swag"
  packages = ["."]
  pruneopts = "UT"
  revision = "59a9232e9392613952a0a4c90523c40c99140043"
  version = "v0.19.8"

[[projects]]
  digest = "1:68f7e70a78ef84c0b070ef90e9013ca0706579d3ec17acbc8e5ee311da9873f9"
  name = "github.com/go-openapi/validate"
  packages = ["."]
  pruneopts = "UT"
  revision = "2ddc1827652e11f55541c3a14ec2ec050f0f7ca8"
  version = "v0.19.7"

[[projects]]
  digest = "1:a3af33fd30536d9c5a7b6ad542390919e57c1125097a194c7b3d9904109a0611"
  name = "github.com/go-sql-driver/mysql"
  packages = ["."]
  pruneopts = "UT"
  revision = "17ef3dd9d98b69acec3e85878995ada9533a9370"
  version = "v1.5.0"

[[projects]]
  digest = "1:586ea76dbd0374d6fb649a91d70d652b7fe0ccffb8910a77468e7702e7901f3d"
  name = "github.com/go-stack/stack"
  packages = ["."]
  pruneopts = "UT"
  revision = "2fee6af1a9795aafbe0253a0cfbdf668e1fb8a9a"
  version = "v1.8.0"

[[projects]]
  digest = "1:582b704bebaa06b48c29b0cec224a6058a09c86883aaddabde889cd1a5f73e1b"
  name = "github.com/google/uuid"
  packages = ["."]
  pruneopts = "UT"
  revision = "0cd6bf5da1e1c83f8b45653022c74f71af0538a4"
  version = "v1.1.1"

[[projects]]
  digest = "1:b117faf01abdbdadd7b8ceeae74cd1369c1b073fef41aee8b674c9d704a54c16"
  name = "github.com/gorilla/handlers"
  packages = ["."]
  pruneopts = "UT"
  revision = "8a3748addc242fc560bd6d4ff28b0374c010b1b4"
  version = "v1.4.2"

[[projects]]
  digest = "1:25ebe6496abb289ef977c081b2d49f56dd97c32db4ca083d37f95923909ced02"
  name = "github.com/gorilla/mux"
  packages = ["."]
  pruneopts = "UT"
  revision = "75dcda0896e109a2a22c9315bca3bb21b87b2ba5"
  version = "v1.7.4"

[[projects]]
  digest = "1:31e761d97c76151dde79e9d28964a812c46efc5baee4085b86f68f0c654450de"
  name = "github.com/konsorten/go-windows-terminal-sequences"
  packages = ["."]
  pruneopts = "UT"
  revision = "f55edac94c9bbba5d6182a4be46d86a2c9b5b50e"
  version = "v1.0.2"

[[projects]]
  digest = "1:7bbccd3dd7998f2a180264ec1d12e362ed8e02f55ea7b82ac0d0f48ffa2d8888"
  name = "github.com/mailru/easyjson"
  packages = [
    "buffer",
    "jlexer",
    "jwriter",
  ]
  pruneopts = "UT"
  revision = "8edcc4e51f39ddbd3505a3386aff3f435a7fd028"
  version = "v0.7.1"

[[projects]]
  digest = "1:6ea2d98ba8ae7c06a918970661b744be5d1a385c40917b9c317e9a4f2c36ac6f"
  name = "github.com/mitchellh/mapstructure"
  packages = ["."]
  pruneopts = "UT"
  revision = "694aaefbc689be1915c2ef39e880409057931a94"
  version = "v1.2.2"

[[projects]]
  digest = "1:0028cb19b2e4c3112225cd871870f2d9cf49b9b4276531f03438a88e94be86fe"
  name = "github.com/pmezard/go-difflib"
  packages = ["difflib"]
  pruneopts = "UT"
  revision = "792786c7400a136282c1664665ae0a8db921c6c2"
  version = "v1.0.0"

[[projects]]
  digest = "1:0599141a8403114d34f1e546604ad6c5361b70dfa80e80c635f438cdbf71b43a"
  name = "github.com/sirupsen/logrus"
  packages = ["."]
  pruneopts = "UT"
  revision = "d417be0fe654de640a82370515129985b407c7e3"
  version = "v1.5.0"

[[projects]]
  digest = "1:23472f69a3ee7225de2f104aa48c6456959d1c155e45035c9845806d83109190"
  name = "github.com/stretchr/objx"
  packages = ["."]
  pruneopts = "UT"
  revision = "ea4fe68685ee0d3cee7032121851b57e7494e8ea"
  version = "v0.2.0"

[[projects]]
  digest = "1:d43ea99f6c448b0660a10e93a259ed2988893d2ffa4eb4684014bf4fc4b64e04"
  name = "github.com/stretchr/testify"
  packages = [
    "assert",
    "mock",
  ]
  pruneopts = "UT"
  revision = "3ebf1ddaeb260c4b1ae502a01c7844fa8c1fa0e9"
  version = "v1.5.1"

[[projects]]
  digest = "1:a300b9466f2839e5dd4f9e4d329f383c96fe648258d741a0245e9cd7ddaf9c39"
  name = "go.mongodb.org/mongo-driver"
  packages = [
    "bson",
    "bson/bsoncodec",
    "bson/bsonoptions",
    "bson/bsonrw",
    "bson/bsontype",
    "bson/primitive",
    "x/bsonx/bsoncore",
  ]
  pruneopts = "UT"
  revision = "17ea4abd2ac121376c1f782964fce1c3ee692915"
  version = "v1.3.1"

[[projects]]
  branch = "master"
  digest = "1:d1f7edf951b9cc444358a31de2f4e4c1c5c539ea9c6aca13f5bf92eb1124fc4b"
  name = "golang.org/x/net"
  packages = ["idna"]
  pruneopts = "UT"
  revision = "d3edc9973b7eb1fb302b0ff2c62357091cea9a30"

[[projects]]
  branch = "master"
  digest = "1:7d9e0fca00623428d7d22eb5aceb40b7e44c5396d921282de33d83fd79dce51d"
  name = "golang.org/x/sys"
  packages = ["unix"]
  pruneopts = "UT"
  revision = "9dae0f8f577553e0f21298e18926efc9644c281d"

[[projects]]
  digest = "1:66a2f252a58b4fbbad0e4e180e1d85a83c222b6bce09c3dcdef3dc87c72eda7c"
  name = "golang.org/x/text"
  packages = [
    "collate",
    "collate/build",
    "internal/colltab",
    "internal/gen",
    "internal/language",
    "internal/language/compact",
    "internal/tag",
    "internal/triegen",
    "internal/ucd",
    "language",
    "secure/bidirule",
    "transform",
    "unicode/bidi",
    "unicode/cldr",
    "unicode/norm",
    "unicode/rangetable",
    "width",
  ]
  pruneopts = "UT"
  revision = "342b2e1fbaa52c93f31447ad2c6abc048c63e475"
  version = "v0.3.2"

[[projects]]
  digest = "1:63365cc19727fc5f786d5d95079016b3601120c9699543abae2d5d0bff139109"
  name = "gopkg.in/DATA-DOG/go-sqlmock.v1"
  packages = ["."]
  pruneopts = "UT"
  revision = "7d7fc89ac4d6e7994c74cf16a6cb774b0374f2f9"
  version = "v1.4.1"

[[projects]]
  digest = "1:55b110c99c5fdc4f14930747326acce56b52cfce60b24b1c03ef686ac0e46bb1"
  name = "gopkg.in/yaml.v2"
  packages = ["."]
  pruneopts = "UT"
  revision = "53403b58ad1b561927d19068c655246f2db79d48"
  version = "v2.2.8"

[solve-meta]
  analyzer-name = "dep"
  analyzer-version = 1
  input-imports = [
    "github.com/go-openapi/runtime/middleware",
    "github.com/go-sql-driver/mysql",
    "github.com/google/uuid",
    "github.com/gorilla/handlers",
    "github.com/gorilla/mux",
    "github.com/sirupsen/logrus",
    "github.com/stretchr/testify/assert",
    "github.com/stretchr/testify/mock",
    "gopkg.in/DATA-DOG/go-sqlmock.v1",
  ]
  solver-name = "gps-cdcl"
  solver-version = 1
